<Solution>
  <Project Path="LaboratorioUdemy.Application/LaboratorioUdemy.Application.csproj" />
  <Project Path="LaboratorioUdemy.Domain/LaboratorioUdemy.Domain.csproj" Id="50650193-fd4f-43ca-8967-a3432aacf4fd" />
  <Project Path="LaboratorioUdemy.Shared/LaboratorioUdemy.Shared.csproj" />
  <Project Path="LaboratorioUdemy.WebApi/LaboratorioUdemy.WebApi.csproj" />
</Solution>
